{
  "nodes": {
    "arc-icon-theme": {
      "flake": false,
      "locked": {
        "lastModified": 1479849780,
        "narHash": "sha256-TfYtzwo69AC5hHbzEqB4r5Muqvn/eghCGSlmjMCFA7I=",
        "owner": "horst3180",
        "repo": "arc-icon-theme",
        "rev": "55a575386a412544c3ed2b5617a61f842ee4ec15",
        "type": "github"
      },
      "original": {
        "owner": "horst3180",
        "repo": "arc-icon-theme",
        "type": "github"
      }
    },
    "asyncrun-vim": {
      "flake": false,
      "locked": {
        "lastModified": 1646723610,
        "narHash": "sha256-sPcTMFvbeOBW1EzyYutO2+EaJNQijTU3HpZhesp1QAI=",
        "owner": "skywind3000",
        "repo": "asyncrun.vim",
        "rev": "9f8e50033cb724d8856907a5fbf4685eb3efda24",
        "type": "github"
      },
      "original": {
        "owner": "skywind3000",
        "repo": "asyncrun.vim",
        "type": "github"
      }
    },
    "autosave-nvim": {
      "flake": false,
      "locked": {
        "lastModified": 1639521160,
        "narHash": "sha256-1tAYnd4/hGgG2NG8n9hZi9zWM+v1OTh0YBlG8kEZeXI=",
        "owner": "Pocco81",
        "repo": "AutoSave.nvim",
        "rev": "3d342d6fcebeede15b6511b13a38a522c6f33bf8",
        "type": "github"
      },
      "original": {
        "owner": "Pocco81",
        "repo": "AutoSave.nvim",
        "type": "github"
      }
    },
    "awesome-wm-widgets": {
      "flake": false,
      "locked": {
        "lastModified": 1650058255,
        "narHash": "sha256-rIp+cpiY0GBvA5nUpMb/6lr+p5jv0/7mlCrVD/RzVsk=",
        "owner": "streetturtle",
        "repo": "awesome-wm-widgets",
        "rev": "8439ca7930e73e17746a1d6f0610417e8a42865f",
        "type": "github"
      },
      "original": {
        "owner": "streetturtle",
        "repo": "awesome-wm-widgets",
        "type": "github"
      }
    },
    "bats-assert": {
      "flake": false,
      "locked": {
        "lastModified": 1458686101,
        "narHash": "sha256-WuZ7CmWDLcB+LK5awNuwZ4Zk5YM3NF8xIsaIbikVMn0=",
        "owner": "ztombol",
        "repo": "bats-assert",
        "rev": "9f88b4207da750093baabc4e3f41bf68f0dd3630",
        "type": "github"
      },
      "original": {
        "owner": "ztombol",
        "repo": "bats-assert",
        "type": "github"
      }
    },
    "bats-file": {
      "flake": false,
      "locked": {
        "lastModified": 1481066990,
        "narHash": "sha256-NaBAJiiL+mxANWtDhJh1CiOQQbJ9oVbwgUZfIqVtmws=",
        "owner": "ztombol",
        "repo": "bats-file",
        "rev": "2fddb2b831d65cdf2e411f3b47f4677fbb15729c",
        "type": "github"
      },
      "original": {
        "owner": "ztombol",
        "repo": "bats-file",
        "type": "github"
      }
    },
    "bats-support": {
      "flake": false,
      "locked": {
        "lastModified": 1481062092,
        "narHash": "sha256-5sVpojS4mHREfSgOblWCdQ+VKMWhnO0P62gzORSVpos=",
        "owner": "ztombol",
        "repo": "bats-support",
        "rev": "004e707638eedd62e0481e8cdc9223ad471f12ee",
        "type": "github"
      },
      "original": {
        "owner": "ztombol",
        "repo": "bats-support",
        "type": "github"
      }
    },
    "cmp_luasnip": {
      "flake": false,
      "locked": {
        "lastModified": 1651433493,
        "narHash": "sha256-8ocJY5qeAJXFSuTnavXX6NvZyAB0EEn2Y+amrWp8B1Y=",
        "owner": "saadparwaiz1",
        "repo": "cmp_luasnip",
        "rev": "a9de941bcbda508d0a45d28ae366bb3f08db2e36",
        "type": "github"
      },
      "original": {
        "owner": "saadparwaiz1",
        "repo": "cmp_luasnip",
        "type": "github"
      }
    },
    "emoji-menu": {
      "flake": false,
      "locked": {
        "lastModified": 1640913541,
        "narHash": "sha256-UWveveWJRhSBnGB/4fkJs5hKDcIrIfJKXNlIdKsLzg4=",
        "owner": "jchook",
        "repo": "emoji-menu",
        "rev": "6bda85aa14d9088feb862303a400e3416739ef8d",
        "type": "github"
      },
      "original": {
        "owner": "jchook",
        "repo": "emoji-menu",
        "type": "github"
      }
    },
    "envy-sh": {
      "inputs": {
        "bats-assert": "bats-assert",
        "bats-file": "bats-file",
        "bats-support": "bats-support",
        "flake-utils": [
          "personal",
          "flake-utils"
        ],
        "nixpkgs": [
          "personal",
          "nixpkgs"
        ]
      },
      "locked": {
        "lastModified": 1632630010,
        "narHash": "sha256-OwGK+V0K0Jl6mcYq78Lf/7CLFj7g4RBsjbGZHuGlMp8=",
        "owner": "dlip",
        "repo": "envy.sh",
        "rev": "8e9818bf94c585c8a50a9318b0c6e626979a7fd4",
        "type": "github"
      },
      "original": {
        "owner": "dlip",
        "repo": "envy.sh",
        "type": "github"
      }
    },
    "fire-nvim": {
      "flake": false,
      "locked": {
        "lastModified": 1651515137,
        "narHash": "sha256-cx7bA5Wg+eKJv6e17rLS0NwxShOLBMkN6L+cbmkR/do=",
        "owner": "glacambre",
        "repo": "firenvim",
        "rev": "8f26d2dce4806817be3abeb29368aed2caf2c937",
        "type": "github"
      },
      "original": {
        "owner": "glacambre",
        "repo": "firenvim",
        "type": "github"
      }
    },
    "flake-utils": {
      "locked": {
        "lastModified": 1649676176,
        "narHash": "sha256-OWKJratjt2RW151VUlJPRALb7OU2S5s+f0vLj4o1bHM=",
        "owner": "numtide",
        "repo": "flake-utils",
        "rev": "a4b154ebbdc88c8498a5c7b01589addc9e9cb678",
        "type": "github"
      },
      "original": {
        "owner": "numtide",
        "repo": "flake-utils",
        "type": "github"
      }
    },
    "flake-utils_2": {
      "locked": {
        "lastModified": 1649676176,
        "narHash": "sha256-OWKJratjt2RW151VUlJPRALb7OU2S5s+f0vLj4o1bHM=",
        "owner": "numtide",
        "repo": "flake-utils",
        "rev": "a4b154ebbdc88c8498a5c7b01589addc9e9cb678",
        "type": "github"
      },
      "original": {
        "owner": "numtide",
        "repo": "flake-utils",
        "type": "github"
      }
    },
    "format-nvim": {
      "flake": false,
      "locked": {
        "lastModified": 1650857878,
        "narHash": "sha256-LSmhW2gj+3W4KiFmqw2qrEyzVwugcRmTd/qPRZwRiQU=",
        "owner": "lukas-reineke",
        "repo": "format.nvim",
        "rev": "204e6995c20bcc022d05539e00a0484c81ce09e4",
        "type": "github"
      },
      "original": {
        "owner": "lukas-reineke",
        "repo": "format.nvim",
        "type": "github"
      }
    },
    "home-manager": {
      "inputs": {
        "nixpkgs": [
          "nixpkgs"
        ]
      },
      "locked": {
        "lastModified": 1651652192,
        "narHash": "sha256-3FUsIJ81p57rOxODRVZ+anhnVav96VWbgNA1H3Np+TY=",
        "owner": "nix-community",
        "repo": "home-manager",
        "rev": "267462dfb36d447421c789a3adf9d460cd09c147",
        "type": "github"
      },
      "original": {
        "owner": "nix-community",
        "repo": "home-manager",
        "type": "github"
      }
    },
    "hop-nvim": {
      "flake": false,
      "locked": {
        "lastModified": 1650892424,
        "narHash": "sha256-2yAjVhOq2tTxHLfoYDxhD5aI5VpgJI4JoqmXOZRDrIo=",
        "owner": "phaazon",
        "repo": "hop.nvim",
        "rev": "b93ed4cea9c7df625d04e41cb15370b5c43cb578",
        "type": "github"
      },
      "original": {
        "owner": "phaazon",
        "repo": "hop.nvim",
        "type": "github"
      }
    },
    "json-lua": {
      "flake": false,
      "locked": {
        "lastModified": 1592496233,
        "narHash": "sha256-BrM+r0VVdaeFgLfzmt1wkj0sC3dj9nNojkuZJK5f35s=",
        "owner": "rxi",
        "repo": "json.lua",
        "rev": "dbf4b2dd2eb7c23be2773c89eb059dadd6436f94",
        "type": "github"
      },
      "original": {
        "owner": "rxi",
        "repo": "json.lua",
        "type": "github"
      }
    },
    "kmonad": {
      "inputs": {
        "flake-utils": [
          "flake-utils"
        ],
        "nixpkgs": [
          "nixpkgs"
        ]
      },
      "locked": {
        "dir": "nix",
        "lastModified": 1650438331,
        "narHash": "sha256-O531r2t6CcIHhhDdHJXeu7LFND/Ss43qyha4mXlB9LA=",
        "owner": "kmonad",
        "repo": "kmonad",
        "rev": "744c0445ac9beaece489cd6cdc981eeae45467a7",
        "type": "github"
      },
      "original": {
        "dir": "nix",
        "owner": "kmonad",
        "repo": "kmonad",
        "type": "github"
      }
    },
    "kmonad-vim": {
      "flake": false,
      "locked": {
        "lastModified": 1647812451,
        "narHash": "sha256-7PKVOsb3jvuGEnP/LsrDr96wFSQMou2dgnV+hRaI444=",
        "owner": "kmonad",
        "repo": "kmonad-vim",
        "rev": "37978445197ab00edeb5b731e9ca90c2b141723f",
        "type": "github"
      },
      "original": {
        "owner": "kmonad",
        "repo": "kmonad-vim",
        "type": "github"
      }
    },
    "lspkind-nvim": {
      "flake": false,
      "locked": {
        "lastModified": 1650298271,
        "narHash": "sha256-0103K5lnzWCyuT/qwiBUo5PJ7lUX7fo+zNeEnQClI7A=",
        "owner": "onsails",
        "repo": "lspkind-nvim",
        "rev": "57e5b5dfbe991151b07d272a06e365a77cc3d0e7",
        "type": "github"
      },
      "original": {
        "owner": "onsails",
        "repo": "lspkind-nvim",
        "type": "github"
      }
    },
    "luasnip": {
      "flake": false,
      "locked": {
        "lastModified": 1651563845,
        "narHash": "sha256-h8TCCeedT3o+z7/HT99oHIHx80Qo4wGIGzSkJS+A4Qg=",
        "owner": "L3MON4D3",
        "repo": "LuaSnip",
        "rev": "50760912f54dfd0087b29abef6ede39c33615ab9",
        "type": "github"
      },
      "original": {
        "owner": "L3MON4D3",
        "repo": "LuaSnip",
        "type": "github"
      }
    },
    "neogit": {
      "flake": false,
      "locked": {
        "lastModified": 1649870230,
        "narHash": "sha256-wYFp30yBTJ52lEDtK2u33TwLdEgeaeXXCKFXd+kuvig=",
        "owner": "TimUntersberger",
        "repo": "neogit",
        "rev": "c8dd268091ffcbcb673de59c5b37ff26a2eb24ed",
        "type": "github"
      },
      "original": {
        "owner": "TimUntersberger",
        "repo": "neogit",
        "type": "github"
      }
    },
    "nix-on-droid": {
      "inputs": {
        "flake-utils": "flake-utils_2",
        "home-manager": [
          "home-manager"
        ],
        "nixpkgs": [
          "nixpkgs"
        ]
      },
      "locked": {
        "lastModified": 1650613939,
        "narHash": "sha256-x+OlhRDWXpqFZKmeEOE+vXbmt9kiCe35rKVBcJo3gxQ=",
        "owner": "t184256",
        "repo": "nix-on-droid",
        "rev": "e7e7d1347ffa88f8f67852a58a94d339c7d58fa0",
        "type": "github"
      },
      "original": {
        "owner": "t184256",
        "repo": "nix-on-droid",
        "type": "github"
      }
    },
    "nixpkgs": {
      "locked": {
        "lastModified": 1651558728,
        "narHash": "sha256-8HzyRnWlgZluUrVFNOfZAOlA1fghpOSezXvxhalGMUo=",
        "owner": "NixOS",
        "repo": "nixpkgs",
        "rev": "cbe587c735b734405f56803e267820ee1559e6c1",
        "type": "github"
      },
      "original": {
        "owner": "NixOS",
        "ref": "nixos-unstable",
        "repo": "nixpkgs",
        "type": "github"
      }
    },
    "nnn-git": {
      "flake": false,
      "locked": {
        "lastModified": 1651310051,
        "narHash": "sha256-/m21x/Oajt8NYqpG9GgCfI3+5gJGH+qg7UvCQ+dgKo0=",
        "owner": "jarun",
        "repo": "nnn",
        "rev": "4ddd048febef9e9098c8f5a19837a38c776b538b",
        "type": "github"
      },
      "original": {
        "owner": "jarun",
        "repo": "nnn",
        "type": "github"
      }
    },
    "nnn-nvim": {
      "flake": false,
      "locked": {
        "lastModified": 1649797784,
        "narHash": "sha256-xz1TlvDPfjZGvABpjrY+ut5tcUgevvNbJKfxzF32Kpc=",
        "owner": "luukvbaal",
        "repo": "nnn.nvim",
        "rev": "578cc845b49657319975a72dbb26113ef7e43f1d",
        "type": "github"
      },
      "original": {
        "owner": "luukvbaal",
        "repo": "nnn.nvim",
        "type": "github"
      }
    },
    "nui-nvim": {
      "flake": false,
      "locked": {
        "lastModified": 1649443132,
        "narHash": "sha256-YWotqv+oqvKSDXu7TrlGrHdNBfr740Ccc2LPvH3C8T0=",
        "owner": "MunifTanjim",
        "repo": "nui.nvim",
        "rev": "42552b3797c3452c5c94e0c84a04fbda9591b9d1",
        "type": "github"
      },
      "original": {
        "owner": "MunifTanjim",
        "repo": "nui.nvim",
        "type": "github"
      }
    },
    "nvim-dap-go": {
      "flake": false,
      "locked": {
        "lastModified": 1644245232,
        "narHash": "sha256-ZbQw4244BLiSoBipiPc1eEF2aV3BJLT7W8LmBl8xH4Q=",
        "owner": "leoluz",
        "repo": "nvim-dap-go",
        "rev": "fca8bf90bf017e8ecb3a3fb8c3a3c05b60d1406d",
        "type": "github"
      },
      "original": {
        "owner": "leoluz",
        "repo": "nvim-dap-go",
        "type": "github"
      }
    },
    "octo-nvim": {
      "flake": false,
      "locked": {
        "lastModified": 1650965918,
        "narHash": "sha256-7wv5ODDGXreRAiQWZk5evLIyFaEIIuApVu3csPhx+QI=",
        "owner": "pwntester",
        "repo": "octo.nvim",
        "rev": "622ab9feaa735dc0999e567183ce357f3dff080f",
        "type": "github"
      },
      "original": {
        "owner": "pwntester",
        "repo": "octo.nvim",
        "type": "github"
      }
    },
    "openvpn-aws": {
      "flake": false,
      "locked": {
        "lastModified": 1646475141,
        "narHash": "sha256-omCeSyjeauNZ4lVcCc9CBLlpf+60ljGAeKoN8m9hVQo=",
        "owner": "abhibansal530",
        "repo": "dotfiles",
        "rev": "030ed07cc3416541872261c88bd7d6b991d8ae13",
        "type": "github"
      },
      "original": {
        "owner": "abhibansal530",
        "repo": "dotfiles",
        "type": "github"
      }
    },
    "package-info-nvim": {
      "flake": false,
      "locked": {
        "lastModified": 1645183340,
        "narHash": "sha256-IrM9/IvH+ALEgjvX3b0/40UmqduGj1bfNRhjO41zENY=",
        "owner": "vuki656",
        "repo": "package-info.nvim",
        "rev": "10de4d0d50ec1d4d26118c4aa067a9d09e370c9c",
        "type": "github"
      },
      "original": {
        "owner": "vuki656",
        "repo": "package-info.nvim",
        "type": "github"
      }
    },
    "personal": {
      "inputs": {
        "emoji-menu": "emoji-menu",
        "envy-sh": "envy-sh",
        "flake-utils": [
          "flake-utils"
        ],
        "nixpkgs": [
          "nixpkgs"
        ],
        "openvpn-aws": "openvpn-aws",
        "power-menu": "power-menu",
        "sops-nix": "sops-nix"
      },
      "locked": {
        "lastModified": 1,
        "narHash": "sha256-IGHZY1TvSKyk74zKFZy5u8g87V4242Yv5xA4CqydoQY=",
        "path": "/nix/store/ijm3zqvqwznl0p5p63whbzxx0dvzwh3q-source/overlays/personal",
        "type": "path"
      },
      "original": {
        "path": "/nix/store/ijm3zqvqwznl0p5p63whbzxx0dvzwh3q-source/overlays/personal",
        "type": "path"
      }
    },
    "poetry2nix": {
      "inputs": {
        "flake-utils": [
          "flake-utils"
        ],
        "nixpkgs": [
          "nixpkgs"
        ]
      },
      "locked": {
        "lastModified": 1651700095,
        "narHash": "sha256-xeo702X83g7s2J22AAvtN/FkB1M0TUbZ+SGuMMNzk8s=",
        "owner": "nix-community",
        "repo": "poetry2nix",
        "rev": "b00b6b6ef8471e912f2f09e826ca9acc127cee4f",
        "type": "github"
      },
      "original": {
        "owner": "nix-community",
        "repo": "poetry2nix",
        "type": "github"
      }
    },
    "power-menu": {
      "flake": false,
      "locked": {
        "lastModified": 1612008659,
        "narHash": "sha256-Bkc87BXSnAR517wCkyOAfoACYx/5xprDGJQhLWGUNns=",
        "owner": "jluttine",
        "repo": "rofi-power-menu",
        "rev": "368ba43f9b9c367288fb2dfc090902434b1de1ee",
        "type": "github"
      },
      "original": {
        "owner": "jluttine",
        "repo": "rofi-power-menu",
        "type": "github"
      }
    },
    "repos": {
      "inputs": {
        "arc-icon-theme": "arc-icon-theme",
        "awesome-wm-widgets": "awesome-wm-widgets",
        "json-lua": "json-lua",
        "nnn-git": "nnn-git"
      },
      "locked": {
        "lastModified": 1,
        "narHash": "sha256-RlNDCRavfpaK9mHhtgPl55VjIXgZ1mlTyC0TScxZxp8=",
        "path": "/nix/store/ijm3zqvqwznl0p5p63whbzxx0dvzwh3q-source/overlays/repos",
        "type": "path"
      },
      "original": {
        "path": "/nix/store/ijm3zqvqwznl0p5p63whbzxx0dvzwh3q-source/overlays/repos",
        "type": "path"
      }
    },
    "rest-nvim": {
      "flake": false,
      "locked": {
        "lastModified": 1651442118,
        "narHash": "sha256-wDvUdITdPkO239rDUrKPS8OM9kKTNuEcI1HNAAKgdb4=",
        "owner": "NTBBloodbath",
        "repo": "rest.nvim",
        "rev": "e5f68db73276c4d4d255f75a77bbe6eff7a476ef",
        "type": "github"
      },
      "original": {
        "owner": "NTBBloodbath",
        "repo": "rest.nvim",
        "type": "github"
      }
    },
    "root": {
      "inputs": {
        "flake-utils": "flake-utils",
        "home-manager": "home-manager",
        "kmonad": "kmonad",
        "nix-on-droid": "nix-on-droid",
        "nixpkgs": "nixpkgs",
        "personal": "personal",
        "poetry2nix": "poetry2nix",
        "repos": "repos",
        "vim-plugins": "vim-plugins"
      }
    },
    "sops-nix": {
      "inputs": {
        "nixpkgs": [
          "personal",
          "nixpkgs"
        ]
      },
      "locked": {
        "lastModified": 1649756291,
        "narHash": "sha256-KTll8bCINAzIUGaaMrbn9wb5nfhkXRLgmFrWGR/Dku0=",
        "owner": "Mic92",
        "repo": "sops-nix",
        "rev": "c2614c4fe61943b3d280ac1892fcebe6e8eaf8c8",
        "type": "github"
      },
      "original": {
        "owner": "Mic92",
        "repo": "sops-nix",
        "type": "github"
      }
    },
    "telescope-nvim": {
      "flake": false,
      "locked": {
        "lastModified": 1651695220,
        "narHash": "sha256-Y3eVNu4npr92UUkp4CvkEcGllZuA6W1DqbdH4TlHDeg=",
        "owner": "nvim-telescope",
        "repo": "telescope.nvim",
        "rev": "85d95dfdddba7077257a5fa3eb6dd57caf12579f",
        "type": "github"
      },
      "original": {
        "owner": "nvim-telescope",
        "repo": "telescope.nvim",
        "type": "github"
      }
    },
    "vim-delve": {
      "flake": false,
      "locked": {
        "lastModified": 1649935714,
        "narHash": "sha256-pfif29a4sbqesemxRDMsIkWBfpFhBpgABnff6rj71AY=",
        "owner": "sebdah",
        "repo": "vim-delve",
        "rev": "5c8809d9c080fd00cc82b4c31900d1bc13733571",
        "type": "github"
      },
      "original": {
        "owner": "sebdah",
        "repo": "vim-delve",
        "type": "github"
      }
    },
    "vim-plugins": {
      "inputs": {
        "asyncrun-vim": "asyncrun-vim",
        "autosave-nvim": "autosave-nvim",
        "cmp_luasnip": "cmp_luasnip",
        "fire-nvim": "fire-nvim",
        "format-nvim": "format-nvim",
        "hop-nvim": "hop-nvim",
        "kmonad-vim": "kmonad-vim",
        "lspkind-nvim": "lspkind-nvim",
        "luasnip": "luasnip",
        "neogit": "neogit",
        "nnn-nvim": "nnn-nvim",
        "nui-nvim": "nui-nvim",
        "nvim-dap-go": "nvim-dap-go",
        "octo-nvim": "octo-nvim",
        "package-info-nvim": "package-info-nvim",
        "rest-nvim": "rest-nvim",
        "telescope-nvim": "telescope-nvim",
        "vim-delve": "vim-delve",
        "whichkey-nvim": "whichkey-nvim"
      },
      "locked": {
        "lastModified": 1,
        "narHash": "sha256-TWBBs2FFZdpyXASdoyjwZfTEIH8hQxBaoy3/V76iefw=",
        "path": "/nix/store/ijm3zqvqwznl0p5p63whbzxx0dvzwh3q-source/overlays/vimPlugins",
        "type": "path"
      },
      "original": {
        "path": "/nix/store/ijm3zqvqwznl0p5p63whbzxx0dvzwh3q-source/overlays/vimPlugins",
        "type": "path"
      }
    },
    "whichkey-nvim": {
      "flake": false,
      "locked": {
        "lastModified": 1651651877,
        "narHash": "sha256-UoV9H3oVJL1BPmuG+/eU4cG1s7thOrcrPyat9npBxm0=",
        "owner": "folke",
        "repo": "which-key.nvim",
        "rev": "bd4411a2ed4dd8bb69c125e339d837028a6eea71",
        "type": "github"
      },
      "original": {
        "owner": "folke",
        "repo": "which-key.nvim",
        "type": "github"
      }
    }
  },
  "root": "root",
  "version": 7
}
