{
  "nodes": {
    "bats-assert": {
      "flake": false,
      "locked": {
        "lastModified": 1458686101,
        "narHash": "sha256-WuZ7CmWDLcB+LK5awNuwZ4Zk5YM3NF8xIsaIbikVMn0=",
        "owner": "ztombol",
        "repo": "bats-assert",
        "rev": "9f88b4207da750093baabc4e3f41bf68f0dd3630",
        "type": "github"
      },
      "original": {
        "owner": "ztombol",
        "repo": "bats-assert",
        "type": "github"
      }
    },
    "bats-file": {
      "flake": false,
      "locked": {
        "lastModified": 1481066990,
        "narHash": "sha256-NaBAJiiL+mxANWtDhJh1CiOQQbJ9oVbwgUZfIqVtmws=",
        "owner": "ztombol",
        "repo": "bats-file",
        "rev": "2fddb2b831d65cdf2e411f3b47f4677fbb15729c",
        "type": "github"
      },
      "original": {
        "owner": "ztombol",
        "repo": "bats-file",
        "type": "github"
      }
    },
    "bats-support": {
      "flake": false,
      "locked": {
        "lastModified": 1481062092,
        "narHash": "sha256-5sVpojS4mHREfSgOblWCdQ+VKMWhnO0P62gzORSVpos=",
        "owner": "ztombol",
        "repo": "bats-support",
        "rev": "004e707638eedd62e0481e8cdc9223ad471f12ee",
        "type": "github"
      },
      "original": {
        "owner": "ztombol",
        "repo": "bats-support",
        "type": "github"
      }
    },
    "devshell-flake": {
      "locked": {
        "lastModified": 1630239564,
        "narHash": "sha256-lv7atkVE1+dFw0llmzONsbSIo5ao85KpNSRoFk4K8vU=",
        "owner": "numtide",
        "repo": "devshell",
        "rev": "bd86d3a2bb28ce4d223315e0eca0d59fef8a0a73",
        "type": "github"
      },
      "original": {
        "owner": "numtide",
        "repo": "devshell",
        "type": "github"
      }
    },
    "emacs-ng": {
      "inputs": {
        "devshell-flake": "devshell-flake",
        "emacs-overlay": "emacs-overlay",
        "flake-compat": "flake-compat",
        "flake-utils": "flake-utils",
        "nixpkgs": "nixpkgs",
        "nvfetcher": "nvfetcher",
        "rust-overlay": "rust-overlay"
      },
      "locked": {
        "lastModified": 1631633107,
        "narHash": "sha256-rWJa1fFibL4eTvKkFk2rUGRvwSO5vbXGpJeeL0z0xic=",
        "owner": "emacs-ng",
        "repo": "emacs-ng",
        "rev": "4bb178d0d6be9f3fdd3612cc87f5faf248ad5ead",
        "type": "github"
      },
      "original": {
        "owner": "emacs-ng",
        "repo": "emacs-ng",
        "type": "github"
      }
    },
    "emacs-overlay": {
      "locked": {
        "lastModified": 1630862826,
        "narHash": "sha256-WSy09LBJBfWVQjlwDlOKFNC4vBw192rEvPs7t4T2Dw0=",
        "owner": "nix-community",
        "repo": "emacs-overlay",
        "rev": "20545a6bd911e28afa74a4ccced2f64fc67932ef",
        "type": "github"
      },
      "original": {
        "owner": "nix-community",
        "repo": "emacs-overlay",
        "type": "github"
      }
    },
    "emacs-overlay_2": {
      "locked": {
        "lastModified": 1632992735,
        "narHash": "sha256-EuqMxgREM2lNk7JLyHfl5732gjW6pZJurgmKWWUo6ow=",
        "owner": "nix-community",
        "repo": "emacs-overlay",
        "rev": "5fa26165cf34adbe693b159093ea15f24f7f7ea4",
        "type": "github"
      },
      "original": {
        "owner": "nix-community",
        "repo": "emacs-overlay",
        "type": "github"
      }
    },
    "emoji-menu": {
      "flake": false,
      "locked": {
        "lastModified": 1546726985,
        "narHash": "sha256-/yBfS/gjVHerT0VOCZM2xAvBCuNzDxdvcJQYCW76aIM=",
        "owner": "jchook",
        "repo": "emoji-menu",
        "rev": "ff879f13d4eb7a3abf26405b64ede1c1ea0a9ce7",
        "type": "github"
      },
      "original": {
        "owner": "jchook",
        "repo": "emoji-menu",
        "type": "github"
      }
    },
    "envy-sh": {
      "inputs": {
        "bats-assert": "bats-assert",
        "bats-file": "bats-file",
        "bats-support": "bats-support",
        "flake-utils": "flake-utils_4",
        "nixpkgs": "nixpkgs_2"
      },
      "locked": {
        "lastModified": 1632630010,
        "narHash": "sha256-OwGK+V0K0Jl6mcYq78Lf/7CLFj7g4RBsjbGZHuGlMp8=",
        "owner": "dlip",
        "repo": "envy.sh",
        "rev": "8e9818bf94c585c8a50a9318b0c6e626979a7fd4",
        "type": "github"
      },
      "original": {
        "owner": "dlip",
        "repo": "envy.sh",
        "type": "github"
      }
    },
    "fenix": {
      "inputs": {
        "nixpkgs": [
          "nixpkgs"
        ],
        "rust-analyzer-src": "rust-analyzer-src"
      },
      "locked": {
        "lastModified": 1633055767,
        "narHash": "sha256-rS94SC455dBW1Xp+tvZgpp1KstCo2ViLsDYi8U1IZQY=",
        "owner": "nix-community",
        "repo": "fenix",
        "rev": "5e9dad938d5bc06588914a60d7dc70d2ba149b9c",
        "type": "github"
      },
      "original": {
        "owner": "nix-community",
        "repo": "fenix",
        "type": "github"
      }
    },
    "flake-compat": {
      "flake": false,
      "locked": {
        "lastModified": 1627913399,
        "narHash": "sha256-hY8g6H2KFL8ownSiFeMOjwPC8P0ueXpCVEbxgda3pko=",
        "owner": "edolstra",
        "repo": "flake-compat",
        "rev": "12c64ca55c1014cdc1b16ed5a804aa8576601ff2",
        "type": "github"
      },
      "original": {
        "owner": "edolstra",
        "repo": "flake-compat",
        "type": "github"
      }
    },
    "flake-compat_2": {
      "flake": false,
      "locked": {
        "lastModified": 1627913399,
        "narHash": "sha256-hY8g6H2KFL8ownSiFeMOjwPC8P0ueXpCVEbxgda3pko=",
        "owner": "edolstra",
        "repo": "flake-compat",
        "rev": "12c64ca55c1014cdc1b16ed5a804aa8576601ff2",
        "type": "github"
      },
      "original": {
        "owner": "edolstra",
        "repo": "flake-compat",
        "type": "github"
      }
    },
    "flake-compat_3": {
      "flake": false,
      "locked": {
        "lastModified": 1627913399,
        "narHash": "sha256-hY8g6H2KFL8ownSiFeMOjwPC8P0ueXpCVEbxgda3pko=",
        "owner": "edolstra",
        "repo": "flake-compat",
        "rev": "12c64ca55c1014cdc1b16ed5a804aa8576601ff2",
        "type": "github"
      },
      "original": {
        "owner": "edolstra",
        "repo": "flake-compat",
        "type": "github"
      }
    },
    "flake-utils": {
      "locked": {
        "lastModified": 1629481132,
        "narHash": "sha256-JHgasjPR0/J1J3DRm4KxM4zTyAj4IOJY8vIl75v/kPI=",
        "owner": "numtide",
        "repo": "flake-utils",
        "rev": "997f7efcb746a9c140ce1f13c72263189225f482",
        "type": "github"
      },
      "original": {
        "owner": "numtide",
        "repo": "flake-utils",
        "type": "github"
      }
    },
    "flake-utils_2": {
      "locked": {
        "lastModified": 1623875721,
        "narHash": "sha256-A8BU7bjS5GirpAUv4QA+QnJ4CceLHkcXdRp4xITDB0s=",
        "owner": "numtide",
        "repo": "flake-utils",
        "rev": "f7e004a55b120c02ecb6219596820fcd32ca8772",
        "type": "github"
      },
      "original": {
        "owner": "numtide",
        "repo": "flake-utils",
        "type": "github"
      }
    },
    "flake-utils_3": {
      "locked": {
        "lastModified": 1623875721,
        "narHash": "sha256-A8BU7bjS5GirpAUv4QA+QnJ4CceLHkcXdRp4xITDB0s=",
        "owner": "numtide",
        "repo": "flake-utils",
        "rev": "f7e004a55b120c02ecb6219596820fcd32ca8772",
        "type": "github"
      },
      "original": {
        "owner": "numtide",
        "repo": "flake-utils",
        "type": "github"
      }
    },
    "flake-utils_4": {
      "locked": {
        "lastModified": 1631561581,
        "narHash": "sha256-3VQMV5zvxaVLvqqUrNz3iJelLw30mIVSfZmAaauM3dA=",
        "owner": "numtide",
        "repo": "flake-utils",
        "rev": "7e5bf3925f6fbdfaf50a2a7ca0be2879c4261d19",
        "type": "github"
      },
      "original": {
        "owner": "numtide",
        "repo": "flake-utils",
        "type": "github"
      }
    },
    "flake-utils_5": {
      "locked": {
        "lastModified": 1631561581,
        "narHash": "sha256-3VQMV5zvxaVLvqqUrNz3iJelLw30mIVSfZmAaauM3dA=",
        "owner": "numtide",
        "repo": "flake-utils",
        "rev": "7e5bf3925f6fbdfaf50a2a7ca0be2879c4261d19",
        "type": "github"
      },
      "original": {
        "owner": "numtide",
        "repo": "flake-utils",
        "type": "github"
      }
    },
    "flake-utils_6": {
      "locked": {
        "lastModified": 1623875721,
        "narHash": "sha256-A8BU7bjS5GirpAUv4QA+QnJ4CceLHkcXdRp4xITDB0s=",
        "owner": "numtide",
        "repo": "flake-utils",
        "rev": "f7e004a55b120c02ecb6219596820fcd32ca8772",
        "type": "github"
      },
      "original": {
        "owner": "numtide",
        "repo": "flake-utils",
        "type": "github"
      }
    },
    "home-manager": {
      "inputs": {
        "nixpkgs": [
          "nixpkgs"
        ]
      },
      "locked": {
        "lastModified": 1633060185,
        "narHash": "sha256-VEVXt9g8+NTlL5/auCjF+zozp5WdXaDhunKPA+Whedg=",
        "owner": "nix-community",
        "repo": "home-manager",
        "rev": "66d9dbfa36f59748e06bb30cd98b3f4ad76cd482",
        "type": "github"
      },
      "original": {
        "owner": "nix-community",
        "repo": "home-manager",
        "type": "github"
      }
    },
    "kmonad": {
      "inputs": {
        "flake-utils": [
          "flake-utils"
        ],
        "nixpkgs": [
          "nixos"
        ]
      },
      "locked": {
        "dir": "nix",
        "lastModified": 1632899675,
        "narHash": "sha256-Cp/7LthVndKLRnSaQMcXceShOLJGRWk6iicKBastTRo=",
        "owner": "kmonad",
        "repo": "kmonad",
        "rev": "0eacad7a1a3bb5cf9b8569c477acf9f47a6a53e3",
        "type": "github"
      },
      "original": {
        "dir": "nix",
        "owner": "kmonad",
        "repo": "kmonad",
        "type": "github"
      }
    },
    "neovim": {
      "inputs": {
        "flake-utils": [
          "flake-utils"
        ],
        "nixpkgs": [
          "nixpkgs"
        ]
      },
      "locked": {
        "dir": "contrib",
        "lastModified": 1633132501,
        "narHash": "sha256-Ac7Y3i1af0EFEz0+m5ILep8iZMBBzl54zLzOWkcV6Ec=",
        "owner": "neovim",
        "repo": "neovim",
        "rev": "dc4670038e0441dfda7ba11c519b834624a1f6fd",
        "type": "github"
      },
      "original": {
        "dir": "contrib",
        "owner": "neovim",
        "repo": "neovim",
        "type": "github"
      }
    },
    "nixos": {
      "locked": {
        "lastModified": 1632918953,
        "narHash": "sha256-XY3TKBfhP7wCu/SeqrwIkTWkyYHy5W1yRR8pxyzRY9Y=",
        "owner": "NixOS",
        "repo": "nixpkgs",
        "rev": "ee90403e147b181300dffca5b0afa405e14f1945",
        "type": "github"
      },
      "original": {
        "owner": "NixOS",
        "ref": "nixos-21.05",
        "repo": "nixpkgs",
        "type": "github"
      }
    },
    "nixpkgs": {
      "locked": {
        "lastModified": 1630868066,
        "narHash": "sha256-pdhT0tIOZghE7AKIA3a0VIJVp+shATmPo0cgsU7YMCU=",
        "owner": "NixOS",
        "repo": "nixpkgs",
        "rev": "7cf9185aaeb95f79cfe9cae8689433434576aaff",
        "type": "github"
      },
      "original": {
        "owner": "NixOS",
        "ref": "release-21.05",
        "repo": "nixpkgs",
        "type": "github"
      }
    },
    "nixpkgs_2": {
      "locked": {
        "lastModified": 1632418649,
        "narHash": "sha256-4rZspkiQU7zbsuciRRMgoEPkAF/+FSv2jx/VIPxPVx4=",
        "owner": "NixOS",
        "repo": "nixpkgs",
        "rev": "056a3c1fae30d06d14b171b9023743c21a23ec1a",
        "type": "github"
      },
      "original": {
        "owner": "NixOS",
        "ref": "nixos-21.05",
        "repo": "nixpkgs",
        "type": "github"
      }
    },
    "nixpkgs_3": {
      "locked": {
        "lastModified": 1632650849,
        "narHash": "sha256-PYKC/aP409p4+Gnn0Ix7gFJncg1NwQgguwdTEyC8t+A=",
        "owner": "NixOS",
        "repo": "nixpkgs",
        "rev": "b5182c214fac1e6db9f28ed8a7cfc2d0c255c763",
        "type": "github"
      },
      "original": {
        "owner": "NixOS",
        "ref": "nixpkgs-unstable",
        "repo": "nixpkgs",
        "type": "github"
      }
    },
    "nixpkgs_4": {
      "locked": {
        "lastModified": 1628186154,
        "narHash": "sha256-r2d0wvywFnL9z4iptztdFMhaUIAaGzrSs7kSok0PgmE=",
        "owner": "NixOS",
        "repo": "nixpkgs",
        "rev": "06552b72346632b6943c8032e57e702ea12413bf",
        "type": "github"
      },
      "original": {
        "owner": "NixOS",
        "repo": "nixpkgs",
        "type": "github"
      }
    },
    "nixpkgs_5": {
      "locked": {
        "lastModified": 1625223284,
        "narHash": "sha256-jjLcDSU1rRiJb+n3uez23XAa7kbnPcGZTa6jIKh1GMQ=",
        "owner": "NixOS",
        "repo": "nixpkgs",
        "rev": "357d2c8f6087685fe35cb1889a005a4dd4cce7b8",
        "type": "github"
      },
      "original": {
        "owner": "NixOS",
        "ref": "nixpkgs-unstable",
        "repo": "nixpkgs",
        "type": "github"
      }
    },
    "nvfetcher": {
      "inputs": {
        "flake-compat": "flake-compat_2",
        "flake-utils": "flake-utils_2",
        "nixpkgs": [
          "emacs-ng",
          "nixpkgs"
        ]
      },
      "locked": {
        "lastModified": 1628690139,
        "narHash": "sha256-9bk59V0YjZnMfSQMCHuYVPA/Bc3enjTtoyTWt1B3/zE=",
        "owner": "berberman",
        "repo": "nvfetcher",
        "rev": "e9600782adbf6fb8217087bd2f05335cad96e542",
        "type": "github"
      },
      "original": {
        "owner": "berberman",
        "repo": "nvfetcher",
        "type": "github"
      }
    },
    "power-menu": {
      "flake": false,
      "locked": {
        "lastModified": 1612008659,
        "narHash": "sha256-Bkc87BXSnAR517wCkyOAfoACYx/5xprDGJQhLWGUNns=",
        "owner": "jluttine",
        "repo": "rofi-power-menu",
        "rev": "368ba43f9b9c367288fb2dfc090902434b1de1ee",
        "type": "github"
      },
      "original": {
        "owner": "jluttine",
        "repo": "rofi-power-menu",
        "type": "github"
      }
    },
    "root": {
      "inputs": {
        "emacs-ng": "emacs-ng",
        "emacs-overlay": "emacs-overlay_2",
        "emoji-menu": "emoji-menu",
        "envy-sh": "envy-sh",
        "fenix": "fenix",
        "flake-compat": "flake-compat_3",
        "flake-utils": "flake-utils_5",
        "home-manager": "home-manager",
        "kmonad": "kmonad",
        "neovim": "neovim",
        "nixos": "nixos",
        "nixpkgs": "nixpkgs_3",
        "power-menu": "power-menu",
        "rust-overlay": "rust-overlay_2",
        "sops-nix": "sops-nix",
        "wally-cli": "wally-cli"
      }
    },
    "rust-analyzer-src": {
      "flake": false,
      "locked": {
        "lastModified": 1633031217,
        "narHash": "sha256-AJ/KW1V9yQAkT9QOzbG8XTROYt0PweyJbB8ZIhaWqFE=",
        "owner": "rust-analyzer",
        "repo": "rust-analyzer",
        "rev": "c30a6a297489703af4ecf6689e7f5dea0754a689",
        "type": "github"
      },
      "original": {
        "owner": "rust-analyzer",
        "ref": "nightly",
        "repo": "rust-analyzer",
        "type": "github"
      }
    },
    "rust-overlay": {
      "inputs": {
        "flake-utils": "flake-utils_3",
        "nixpkgs": [
          "emacs-ng",
          "nixpkgs"
        ]
      },
      "locked": {
        "lastModified": 1630808055,
        "narHash": "sha256-axfnFXuakMyLMlNIr1yVzvC8ipj6nVJnia2YtkWdzYg=",
        "owner": "oxalica",
        "repo": "rust-overlay",
        "rev": "b4c01ab310031a557b6a00062378535be33c36bb",
        "type": "github"
      },
      "original": {
        "owner": "oxalica",
        "repo": "rust-overlay",
        "type": "github"
      }
    },
    "rust-overlay_2": {
      "inputs": {
        "flake-utils": "flake-utils_6",
        "nixpkgs": "nixpkgs_4"
      },
      "locked": {
        "lastModified": 1633054799,
        "narHash": "sha256-7W1hTjTYusoraB8x4Njv/gjMGrgzNroAVWp9ZQw9m9E=",
        "owner": "oxalica",
        "repo": "rust-overlay",
        "rev": "1dd25e851d349e0606368148ff1914d25679d2a9",
        "type": "github"
      },
      "original": {
        "owner": "oxalica",
        "repo": "rust-overlay",
        "type": "github"
      }
    },
    "sops-nix": {
      "inputs": {
        "nixpkgs": "nixpkgs_5"
      },
      "locked": {
        "lastModified": 1633033239,
        "narHash": "sha256-n/EA5NwIg4Nm1vK4l33LRd0DqQrc8K0RTnDhvcAK/V8=",
        "owner": "Mic92",
        "repo": "sops-nix",
        "rev": "095fca05818c7f4c2285387b2eb94e13b683101a",
        "type": "github"
      },
      "original": {
        "owner": "Mic92",
        "repo": "sops-nix",
        "type": "github"
      }
    },
    "wally-cli": {
      "inputs": {
        "flake-utils": [
          "flake-utils"
        ],
        "nixpkgs": [
          "nixpkgs"
        ]
      },
      "locked": {
        "lastModified": 1626652908,
        "narHash": "sha256-287w+gq5vUOPNoLOpOaMqaQUCffGgPsQJAnk/y4sdZU=",
        "owner": "zsa",
        "repo": "wally-cli",
        "rev": "96db616ef6d5b5cb85b2f2c16e426497b2366e06",
        "type": "github"
      },
      "original": {
        "owner": "zsa",
        "repo": "wally-cli",
        "type": "github"
      }
    }
  },
  "root": "root",
  "version": 7
}
