{
  "nodes": {
    "arion": {
      "flake": false,
      "locked": {
        "lastModified": 1626532475,
        "narHash": "sha256-ySw1JKhrzDOnSqVTOecBXrFK+DZUj95aWFJ6myh75og=",
        "owner": "hercules-ci",
        "repo": "arion",
        "rev": "f5a3f299c612ac937a796ddd95cb0a367255d0f2",
        "type": "github"
      },
      "original": {
        "owner": "hercules-ci",
        "repo": "arion",
        "type": "github"
      }
    },
    "bats-assert": {
      "flake": false,
      "locked": {
        "lastModified": 1458686101,
        "narHash": "sha256-WuZ7CmWDLcB+LK5awNuwZ4Zk5YM3NF8xIsaIbikVMn0=",
        "owner": "ztombol",
        "repo": "bats-assert",
        "rev": "9f88b4207da750093baabc4e3f41bf68f0dd3630",
        "type": "github"
      },
      "original": {
        "owner": "ztombol",
        "repo": "bats-assert",
        "type": "github"
      }
    },
    "bats-file": {
      "flake": false,
      "locked": {
        "lastModified": 1481066990,
        "narHash": "sha256-NaBAJiiL+mxANWtDhJh1CiOQQbJ9oVbwgUZfIqVtmws=",
        "owner": "ztombol",
        "repo": "bats-file",
        "rev": "2fddb2b831d65cdf2e411f3b47f4677fbb15729c",
        "type": "github"
      },
      "original": {
        "owner": "ztombol",
        "repo": "bats-file",
        "type": "github"
      }
    },
    "bats-support": {
      "flake": false,
      "locked": {
        "lastModified": 1481062092,
        "narHash": "sha256-5sVpojS4mHREfSgOblWCdQ+VKMWhnO0P62gzORSVpos=",
        "owner": "ztombol",
        "repo": "bats-support",
        "rev": "004e707638eedd62e0481e8cdc9223ad471f12ee",
        "type": "github"
      },
      "original": {
        "owner": "ztombol",
        "repo": "bats-support",
        "type": "github"
      }
    },
    "emacs-overlay": {
      "locked": {
        "lastModified": 1627751583,
        "narHash": "sha256-vtEsxfC0OkLcvAMKAYU7BRCMKE7pNjQzK/AmHDzPDk4=",
        "owner": "nix-community",
        "repo": "emacs-overlay",
        "rev": "5bdd1eadb6b4d3e1988c14331056f1a385f53fb9",
        "type": "github"
      },
      "original": {
        "owner": "nix-community",
        "repo": "emacs-overlay",
        "type": "github"
      }
    },
    "envy-sh": {
      "inputs": {
        "bats-assert": "bats-assert",
        "bats-file": "bats-file",
        "bats-support": "bats-support",
        "nixpkgs": "nixpkgs"
      },
      "locked": {
        "lastModified": 1622355724,
        "narHash": "sha256-pNboRSYjDaFZEuUVka4Ljxx57yJdN4Axf0bjdaKsXDc=",
        "owner": "dlip",
        "repo": "envy.sh",
        "rev": "df95b7326ec1e59828633d25782eefd730f7f72e",
        "type": "github"
      },
      "original": {
        "owner": "dlip",
        "repo": "envy.sh",
        "type": "github"
      }
    },
    "flake-compat": {
      "flake": false,
      "locked": {
        "lastModified": 1627557337,
        "narHash": "sha256-S/Aab7AcDS+MopcnkEWu0j3qOGLLaMw1E8VWWQOD+Q8=",
        "owner": "edolstra",
        "repo": "flake-compat",
        "rev": "c6f3b635321160c629b74fefc88c807b59a51646",
        "type": "github"
      },
      "original": {
        "owner": "edolstra",
        "repo": "flake-compat",
        "type": "github"
      }
    },
    "flake-utils": {
      "locked": {
        "lastModified": 1623875721,
        "narHash": "sha256-A8BU7bjS5GirpAUv4QA+QnJ4CceLHkcXdRp4xITDB0s=",
        "owner": "numtide",
        "repo": "flake-utils",
        "rev": "f7e004a55b120c02ecb6219596820fcd32ca8772",
        "type": "github"
      },
      "original": {
        "owner": "numtide",
        "repo": "flake-utils",
        "type": "github"
      }
    },
    "home-manager": {
      "inputs": {
        "nixpkgs": [
          "nixpkgs-unstable"
        ]
      },
      "locked": {
        "lastModified": 1627592512,
        "narHash": "sha256-+bauwACGl+/dTQB047XImRz5P6Lp6vxl5ruiKjtENxo=",
        "owner": "nix-community",
        "repo": "home-manager",
        "rev": "7f976da06840c268cc291a021bab7532b923713c",
        "type": "github"
      },
      "original": {
        "owner": "nix-community",
        "repo": "home-manager",
        "type": "github"
      }
    },
    "kmonad": {
      "flake": false,
      "locked": {
        "lastModified": 1627230440,
        "narHash": "sha256-xSia4luTUJzWQ0Enzy24o9RFfRMSZackgasVKwnlWBM=",
        "owner": "kmonad",
        "repo": "kmonad",
        "rev": "fa37f62b96d9fbd73955dbef47d581a0ee7d78fb",
        "type": "github"
      },
      "original": {
        "owner": "kmonad",
        "repo": "kmonad",
        "type": "github"
      }
    },
    "nixpkgs": {
      "locked": {
        "lastModified": 1619398436,
        "narHash": "sha256-pZEB0Q1dsa35pk6EFREyisIoJaK+UlfoqbDBYYkORjw=",
        "owner": "NixOS",
        "repo": "nixpkgs",
        "rev": "bba3474a5798b5a3a87e10102d1a55f19ec3fca5",
        "type": "github"
      },
      "original": {
        "owner": "NixOS",
        "ref": "nixos-20.09",
        "repo": "nixpkgs",
        "type": "github"
      }
    },
    "nixpkgs-release": {
      "locked": {
        "lastModified": 1627763868,
        "narHash": "sha256-nbRsy2I6E6TfvpucMKCoNTI3Jf8MWcHt7Sm6qe0qr0s=",
        "owner": "NixOS",
        "repo": "nixpkgs",
        "rev": "914fbc482e755d484d315045e11216dc249f72f0",
        "type": "github"
      },
      "original": {
        "owner": "NixOS",
        "ref": "release-21.05",
        "repo": "nixpkgs",
        "type": "github"
      }
    },
    "nixpkgs-unstable": {
      "locked": {
        "lastModified": 1627533199,
        "narHash": "sha256-NyIUcNevwtsMBINn56jnDF8wz3TV1AFxw+Vw6JMnkyE=",
        "owner": "NixOS",
        "repo": "nixpkgs",
        "rev": "dd98b100651cfbb8804f32d852f75ef7c97a6b74",
        "type": "github"
      },
      "original": {
        "owner": "NixOS",
        "ref": "nixpkgs-unstable",
        "repo": "nixpkgs",
        "type": "github"
      }
    },
    "nixpkgs_2": {
      "locked": {
        "lastModified": 1627714638,
        "narHash": "sha256-K50HjZJzRaFoxzGkbNwynsrKGQsinmUQE5HNSCNcO6Y=",
        "owner": "NixOS",
        "repo": "nixpkgs",
        "rev": "11c662074e2ae3dddd7e157918b6981de4ce7857",
        "type": "github"
      },
      "original": {
        "owner": "NixOS",
        "ref": "nixos-21.05",
        "repo": "nixpkgs",
        "type": "github"
      }
    },
    "nixpkgs_3": {
      "locked": {
        "lastModified": 1625223284,
        "narHash": "sha256-jjLcDSU1rRiJb+n3uez23XAa7kbnPcGZTa6jIKh1GMQ=",
        "owner": "NixOS",
        "repo": "nixpkgs",
        "rev": "357d2c8f6087685fe35cb1889a005a4dd4cce7b8",
        "type": "github"
      },
      "original": {
        "owner": "NixOS",
        "ref": "nixpkgs-unstable",
        "repo": "nixpkgs",
        "type": "github"
      }
    },
    "root": {
      "inputs": {
        "arion": "arion",
        "emacs-overlay": "emacs-overlay",
        "envy-sh": "envy-sh",
        "flake-compat": "flake-compat",
        "flake-utils": "flake-utils",
        "home-manager": "home-manager",
        "kmonad": "kmonad",
        "nixpkgs": "nixpkgs_2",
        "nixpkgs-release": "nixpkgs-release",
        "nixpkgs-unstable": "nixpkgs-unstable",
        "sops-nix": "sops-nix"
      }
    },
    "sops-nix": {
      "inputs": {
        "nixpkgs": "nixpkgs_3"
      },
      "locked": {
        "lastModified": 1625936460,
        "narHash": "sha256-U6xlITKrYuhlHWe+poACaz4GJl3ZVN1BSUqZe2gFg+g=",
        "owner": "Mic92",
        "repo": "sops-nix",
        "rev": "ec2800174de5a7be8ec5b144819af2c7de77abe2",
        "type": "github"
      },
      "original": {
        "owner": "Mic92",
        "repo": "sops-nix",
        "type": "github"
      }
    }
  },
  "root": "root",
  "version": 7
}
