{
  "nodes": {
    "autosave-nvim": {
      "flake": false,
      "locked": {
        "lastModified": 1634598840,
        "narHash": "sha256-1cGFjvF9lZyVZySajEBc2BKMy99BJfVx4XojrjiqgEM=",
        "owner": "Pocco81",
        "repo": "AutoSave.nvim",
        "rev": "e4cdc5bbfbfa57aa0e1a61d716cbe6697b1f3868",
        "type": "github"
      },
      "original": {
        "owner": "Pocco81",
        "repo": "AutoSave.nvim",
        "type": "github"
      }
    },
    "fire-nvim": {
      "flake": false,
      "locked": {
        "lastModified": 1635611773,
        "narHash": "sha256-RtzVK8TzEQFe7Tlc81zg1WR7jlt7Mm5RDqBSN+AtaTM=",
        "owner": "glacambre",
        "repo": "firenvim",
        "rev": "553c913db02952f305e71e76aa0a8f6c71eb83ff",
        "type": "github"
      },
      "original": {
        "owner": "glacambre",
        "repo": "firenvim",
        "type": "github"
      }
    },
    "lspkind-nvim": {
      "flake": false,
      "locked": {
        "lastModified": 1635177472,
        "narHash": "sha256-e82PbisrgQvk/ZG6XY7JajbRwpNOzlslDGH8ehrPLmM=",
        "owner": "onsails",
        "repo": "lspkind-nvim",
        "rev": "1557ce5b3b8e497c1cb1d0b9d967a873136b0c23",
        "type": "github"
      },
      "original": {
        "owner": "onsails",
        "repo": "lspkind-nvim",
        "type": "github"
      }
    },
    "nvim-dap-go": {
      "flake": false,
      "locked": {
        "lastModified": 1632750863,
        "narHash": "sha256-5FOEBf0+Gi+pnEqDeFT++XXFqIFVDjhTGsY37uHx+Rk=",
        "owner": "leoluz",
        "repo": "nvim-dap-go",
        "rev": "624a8b610083f8206cd3988cefb9549b8ffe2799",
        "type": "github"
      },
      "original": {
        "owner": "leoluz",
        "repo": "nvim-dap-go",
        "type": "github"
      }
    },
    "rest-nvim": {
      "flake": false,
      "locked": {
        "lastModified": 1634250934,
        "narHash": "sha256-s3jxCKxlCqovQ8GTbVo57CyEePJAWIgIGfgBrE3IGr0=",
        "owner": "NTBBloodbath",
        "repo": "rest.nvim",
        "rev": "5130e59f680df56f22bd8cc41da422f9a05580c5",
        "type": "github"
      },
      "original": {
        "owner": "NTBBloodbath",
        "repo": "rest.nvim",
        "type": "github"
      }
    },
    "root": {
      "inputs": {
        "autosave-nvim": "autosave-nvim",
        "fire-nvim": "fire-nvim",
        "lspkind-nvim": "lspkind-nvim",
        "nvim-dap-go": "nvim-dap-go",
        "rest-nvim": "rest-nvim",
        "vim-delve": "vim-delve"
      }
    },
    "vim-delve": {
      "flake": false,
      "locked": {
        "lastModified": 1605260362,
        "narHash": "sha256-udfWUTQj3aNLi/OcDjdSNcXP6/MVVqNnq3xmjQffGoc=",
        "owner": "sebdah",
        "repo": "vim-delve",
        "rev": "554b7997caba5d2b38bc4a092e3a468e4abb7f18",
        "type": "github"
      },
      "original": {
        "owner": "sebdah",
        "repo": "vim-delve",
        "type": "github"
      }
    }
  },
  "root": "root",
  "version": 7
}
